// !$*UTF8*$!
{
	archiveVersion = 1;
	classes = {
	};
	objectVersion = 46;
	objects = {

/* Begin PBXBuildFile section */
		04152E8B148A3DAD00255FC2 /* ChatController.m in Sources */ = {isa = PBXBuildFile; fileRef = 04152E89148A3DAD00255FC2 /* ChatController.m */; };
		04152E8C148A3DAD00255FC2 /* ChatController.xib in Resources */ = {isa = PBXBuildFile; fileRef = 04152E8A148A3DAD00255FC2 /* ChatController.xib */; };
		04152E8F148A41AD00255FC2 /* AKeyboardAwareUIViewController.m in Sources */ = {isa = PBXBuildFile; fileRef = 04152E8E148A41AD00255FC2 /* AKeyboardAwareUIViewController.m */; };
		04152EAA148A482A00255FC2 /* ChatTableViewCell.m in Sources */ = {isa = PBXBuildFile; fileRef = 04152EA9148A482A00255FC2 /* ChatTableViewCell.m */; };
		04152EB5148A5D6400255FC2 /* aqua.png in Resources */ = {isa = PBXBuildFile; fileRef = 04152EB3148A5D6400255FC2 /* aqua.png */; };
		04152EB6148A5D6400255FC2 /* orange.png in Resources */ = {isa = PBXBuildFile; fileRef = 04152EB4148A5D6400255FC2 /* orange.png */; };
		04152EB9148A6F1A00255FC2 /* ChatServer.m in Sources */ = {isa = PBXBuildFile; fileRef = 04152EB8148A6F1A00255FC2 /* ChatServer.m */; };
		04152EBC148B7FFD00255FC2 /* ChatMessage.m in Sources */ = {isa = PBXBuildFile; fileRef = 04152EBB148B7FFD00255FC2 /* ChatMessage.m */; };
		04152EBF148B7FFF00255FC2 /* ChatSession.m in Sources */ = {isa = PBXBuildFile; fileRef = 04152EBE148B7FFF00255FC2 /* ChatSession.m */; };
		04152EC3148B808C00255FC2 /* ChatSListTableViewCell.xib in Resources */ = {isa = PBXBuildFile; fileRef = 04152EC2148B808C00255FC2 /* ChatSListTableViewCell.xib */; };
		04152EC6148B887D00255FC2 /* ChatSessionCell.m in Sources */ = {isa = PBXBuildFile; fileRef = 04152EC5148B887D00255FC2 /* ChatSessionCell.m */; };
		041E3379148A2FED00C76265 /* UIKit.framework in Frameworks */ = {isa = PBXBuildFile; fileRef = 041E3378148A2FED00C76265 /* UIKit.framework */; };
		041E337B148A2FED00C76265 /* Foundation.framework in Frameworks */ = {isa = PBXBuildFile; fileRef = 041E337A148A2FED00C76265 /* Foundation.framework */; };
		041E337D148A2FED00C76265 /* CoreGraphics.framework in Frameworks */ = {isa = PBXBuildFile; fileRef = 041E337C148A2FED00C76265 /* CoreGraphics.framework */; };
		041E337F148A2FED00C76265 /* CoreData.framework in Frameworks */ = {isa = PBXBuildFile; fileRef = 041E337E148A2FED00C76265 /* CoreData.framework */; };
		041E3385148A2FEE00C76265 /* InfoPlist.strings in Resources */ = {isa = PBXBuildFile; fileRef = 041E3383148A2FEE00C76265 /* InfoPlist.strings */; };
		041E3387148A2FEE00C76265 /* main.m in Sources */ = {isa = PBXBuildFile; fileRef = 041E3386148A2FEE00C76265 /* main.m */; };
		041E338B148A2FEE00C76265 /* AppDelegate.m in Sources */ = {isa = PBXBuildFile; fileRef = 041E338A148A2FEE00C76265 /* AppDelegate.m */; };
		041E338E148A2FEE00C76265 /* ChatClient.xcdatamodeld in Sources */ = {isa = PBXBuildFile; fileRef = 041E338C148A2FEE00C76265 /* ChatClient.xcdatamodeld */; };
		041E3391148A2FEE00C76265 /* ChatListController.m in Sources */ = {isa = PBXBuildFile; fileRef = 041E3390148A2FEE00C76265 /* ChatListController.m */; };
		041E3397148A2FEE00C76265 /* ChatListController.xib in Resources */ = {isa = PBXBuildFile; fileRef = 041E3395148A2FEE00C76265 /* ChatListController.xib */; };
		041E33A2148A2FEE00C76265 /* SenTestingKit.framework in Frameworks */ = {isa = PBXBuildFile; fileRef = 041E33A1148A2FEE00C76265 /* SenTestingKit.framework */; };
		041E33A3148A2FEE00C76265 /* UIKit.framework in Frameworks */ = {isa = PBXBuildFile; fileRef = 041E3378148A2FED00C76265 /* UIKit.framework */; };
		041E33A4148A2FEE00C76265 /* Foundation.framework in Frameworks */ = {isa = PBXBuildFile; fileRef = 041E337A148A2FED00C76265 /* Foundation.framework */; };
		041E33A5148A2FEE00C76265 /* CoreData.framework in Frameworks */ = {isa = PBXBuildFile; fileRef = 041E337E148A2FED00C76265 /* CoreData.framework */; };
		041E33AD148A2FEE00C76265 /* InfoPlist.strings in Resources */ = {isa = PBXBuildFile; fileRef = 041E33AB148A2FEE00C76265 /* InfoPlist.strings */; };
		041E33B0148A2FEE00C76265 /* ChatClientTests.m in Sources */ = {isa = PBXBuildFile; fileRef = 041E33AF148A2FEE00C76265 /* ChatClientTests.m */; };
		04B350E1148BE4C300F94C3E /* AddressBook.framework in Frameworks */ = {isa = PBXBuildFile; fileRef = 04B350DF148BE4C300F94C3E /* AddressBook.framework */; };
		04B350E2148BE4C300F94C3E /* AddressBookUI.framework in Frameworks */ = {isa = PBXBuildFile; fileRef = 04B350E0148BE4C300F94C3E /* AddressBookUI.framework */; };
/* End PBXBuildFile section */

/* Begin PBXContainerItemProxy section */
		041E33A6148A2FEE00C76265 /* PBXContainerItemProxy */ = {
			isa = PBXContainerItemProxy;
			containerPortal = 041E336B148A2FED00C76265 /* Project object */;
			proxyType = 1;
			remoteGlobalIDString = 041E3373148A2FED00C76265;
			remoteInfo = ChatClient;
		};
/* End PBXContainerItemProxy section */

/* Begin PBXFileReference section */
		04152E88148A3DAD00255FC2 /* ChatController.h */ = {isa = PBXFileReference; fileEncoding = 4; lastKnownFileType = sourcecode.c.h; path = ChatController.h; sourceTree = "<group>"; };
		04152E89148A3DAD00255FC2 /* ChatController.m */ = {isa = PBXFileReference; fileEncoding = 4; lastKnownFileType = sourcecode.c.objc; path = ChatController.m; sourceTree = "<group>"; };
		04152E8A148A3DAD00255FC2 /* ChatController.xib */ = {isa = PBXFileReference; fileEncoding = 4; lastKnownFileType = file.xib; path = ChatController.xib; sourceTree = "<group>"; };
		04152E8D148A41AD00255FC2 /* AKeyboardAwareUIViewController.h */ = {isa = PBXFileReference; fileEncoding = 4; lastKnownFileType = sourcecode.c.h; path = AKeyboardAwareUIViewController.h; sourceTree = "<group>"; };
		04152E8E148A41AD00255FC2 /* AKeyboardAwareUIViewController.m */ = {isa = PBXFileReference; fileEncoding = 4; lastKnownFileType = sourcecode.c.objc; path = AKeyboardAwareUIViewController.m; sourceTree = "<group>"; };
		04152EA8148A482A00255FC2 /* ChatTableViewCell.h */ = {isa = PBXFileReference; fileEncoding = 4; lastKnownFileType = sourcecode.c.h; path = ChatTableViewCell.h; sourceTree = "<group>"; };
		04152EA9148A482A00255FC2 /* ChatTableViewCell.m */ = {isa = PBXFileReference; fileEncoding = 4; lastKnownFileType = sourcecode.c.objc; path = ChatTableViewCell.m; sourceTree = "<group>"; };
		04152EB3148A5D6400255FC2 /* aqua.png */ = {isa = PBXFileReference; lastKnownFileType = image.png; path = aqua.png; sourceTree = "<group>"; };
		04152EB4148A5D6400255FC2 /* orange.png */ = {isa = PBXFileReference; lastKnownFileType = image.png; path = orange.png; sourceTree = "<group>"; };
		04152EB7148A6F1A00255FC2 /* ChatServer.h */ = {isa = PBXFileReference; fileEncoding = 4; lastKnownFileType = sourcecode.c.h; path = ChatServer.h; sourceTree = "<group>"; };
		04152EB8148A6F1A00255FC2 /* ChatServer.m */ = {isa = PBXFileReference; fileEncoding = 4; lastKnownFileType = sourcecode.c.objc; path = ChatServer.m; sourceTree = "<group>"; };
		04152EBA148B7FFD00255FC2 /* ChatMessage.h */ = {isa = PBXFileReference; fileEncoding = 4; lastKnownFileType = sourcecode.c.h; path = ChatMessage.h; sourceTree = "<group>"; };
		04152EBB148B7FFD00255FC2 /* ChatMessage.m */ = {isa = PBXFileReference; fileEncoding = 4; lastKnownFileType = sourcecode.c.objc; path = ChatMessage.m; sourceTree = "<group>"; };
		04152EBD148B7FFE00255FC2 /* ChatSession.h */ = {isa = PBXFileReference; fileEncoding = 4; lastKnownFileType = sourcecode.c.h; path = ChatSession.h; sourceTree = "<group>"; };
		04152EBE148B7FFF00255FC2 /* ChatSession.m */ = {isa = PBXFileReference; fileEncoding = 4; lastKnownFileType = sourcecode.c.objc; path = ChatSession.m; sourceTree = "<group>"; };
		04152EC2148B808C00255FC2 /* ChatSListTableViewCell.xib */ = {isa = PBXFileReference; fileEncoding = 4; lastKnownFileType = file.xib; path = ChatSListTableViewCell.xib; sourceTree = "<group>"; };
		04152EC4148B887D00255FC2 /* ChatSessionCell.h */ = {isa = PBXFileReference; fileEncoding = 4; lastKnownFileType = sourcecode.c.h; path = ChatSessionCell.h; sourceTree = "<group>"; };
		04152EC5148B887D00255FC2 /* ChatSessionCell.m */ = {isa = PBXFileReference; fileEncoding = 4; lastKnownFileType = sourcecode.c.objc; path = ChatSessionCell.m; sourceTree = "<group>"; };
		041E3374148A2FED00C76265 /* ChatClient.app */ = {isa = PBXFileReference; explicitFileType = wrapper.application; includeInIndex = 0; path = ChatClient.app; sourceTree = BUILT_PRODUCTS_DIR; };
		041E3378148A2FED00C76265 /* UIKit.framework */ = {isa = PBXFileReference; lastKnownFileType = wrapper.framework; name = UIKit.framework; path = System/Library/Frameworks/UIKit.framework; sourceTree = SDKROOT; };
		041E337A148A2FED00C76265 /* Foundation.framework */ = {isa = PBXFileReference; lastKnownFileType = wrapper.framework; name = Foundation.framework; path = System/Library/Frameworks/Foundation.framework; sourceTree = SDKROOT; };
		041E337C148A2FED00C76265 /* CoreGraphics.framework */ = {isa = PBXFileReference; lastKnownFileType = wrapper.framework; name = CoreGraphics.framework; path = System/Library/Frameworks/CoreGraphics.framework; sourceTree = SDKROOT; };
		041E337E148A2FED00C76265 /* CoreData.framework */ = {isa = PBXFileReference; lastKnownFileType = wrapper.framework; name = CoreData.framework; path = System/Library/Frameworks/CoreData.framework; sourceTree = SDKROOT; };
		041E3382148A2FEE00C76265 /* ChatClient-Info.plist */ = {isa = PBXFileReference; lastKnownFileType = text.plist.xml; path = "ChatClient-Info.plist"; sourceTree = "<group>"; };
		041E3384148A2FEE00C76265 /* en */ = {isa = PBXFileReference; lastKnownFileType = text.plist.strings; name = en; path = en.lproj/InfoPlist.strings; sourceTree = "<group>"; };
		041E3386148A2FEE00C76265 /* main.m */ = {isa = PBXFileReference; lastKnownFileType = sourcecode.c.objc; path = main.m; sourceTree = "<group>"; };
		041E3388148A2FEE00C76265 /* ChatClient-Prefix.pch */ = {isa = PBXFileReference; lastKnownFileType = sourcecode.c.h; path = "ChatClient-Prefix.pch"; sourceTree = "<group>"; };
		041E3389148A2FEE00C76265 /* AppDelegate.h */ = {isa = PBXFileReference; lastKnownFileType = sourcecode.c.h; path = AppDelegate.h; sourceTree = "<group>"; };
		041E338A148A2FEE00C76265 /* AppDelegate.m */ = {isa = PBXFileReference; lastKnownFileType = sourcecode.c.objc; path = AppDelegate.m; sourceTree = "<group>"; };
		041E338D148A2FEE00C76265 /* ChatClient.xcdatamodel */ = {isa = PBXFileReference; lastKnownFileType = wrapper.xcdatamodel; path = ChatClient.xcdatamodel; sourceTree = "<group>"; };
		041E338F148A2FEE00C76265 /* ChatListController.h */ = {isa = PBXFileReference; lastKnownFileType = sourcecode.c.h; path = ChatListController.h; sourceTree = "<group>"; };
		041E3390148A2FEE00C76265 /* ChatListController.m */ = {isa = PBXFileReference; lastKnownFileType = sourcecode.c.objc; path = ChatListController.m; sourceTree = "<group>"; };
		041E3396148A2FEE00C76265 /* en */ = {isa = PBXFileReference; lastKnownFileType = file.xib; name = en; path = en.lproj/ChatListController.xib; sourceTree = "<group>"; };
		041E33A0148A2FEE00C76265 /* ChatClientTests.octest */ = {isa = PBXFileReference; explicitFileType = wrapper.cfbundle; includeInIndex = 0; path = ChatClientTests.octest; sourceTree = BUILT_PRODUCTS_DIR; };
		041E33A1148A2FEE00C76265 /* SenTestingKit.framework */ = {isa = PBXFileReference; lastKnownFileType = wrapper.framework; name = SenTestingKit.framework; path = Library/Frameworks/SenTestingKit.framework; sourceTree = DEVELOPER_DIR; };
		041E33AA148A2FEE00C76265 /* ChatClientTests-Info.plist */ = {isa = PBXFileReference; lastKnownFileType = text.plist.xml; path = "ChatClientTests-Info.plist"; sourceTree = "<group>"; };
		041E33AC148A2FEE00C76265 /* en */ = {isa = PBXFileReference; lastKnownFileType = text.plist.strings; name = en; path = en.lproj/InfoPlist.strings; sourceTree = "<group>"; };
		041E33AE148A2FEE00C76265 /* ChatClientTests.h */ = {isa = PBXFileReference; lastKnownFileType = sourcecode.c.h; path = ChatClientTests.h; sourceTree = "<group>"; };
		041E33AF148A2FEE00C76265 /* ChatClientTests.m */ = {isa = PBXFileReference; lastKnownFileType = sourcecode.c.objc; path = ChatClientTests.m; sourceTree = "<group>"; };
		04B350DF148BE4C300F94C3E /* AddressBook.framework */ = {isa = PBXFileReference; lastKnownFileType = wrapper.framework; name = AddressBook.framework; path = System/Library/Frameworks/AddressBook.framework; sourceTree = SDKROOT; };
		04B350E0148BE4C300F94C3E /* AddressBookUI.framework */ = {isa = PBXFileReference; lastKnownFileType = wrapper.framework; name = AddressBookUI.framework; path = System/Library/Frameworks/AddressBookUI.framework; sourceTree = SDKROOT; };
/* End PBXFileReference section */

/* Begin PBXFrameworksBuildPhase section */
		041E3371148A2FED00C76265 /* Frameworks */ = {
			isa = PBXFrameworksBuildPhase;
			buildActionMask = 2147483647;
			files = (
				04B350E1148BE4C300F94C3E /* AddressBook.framework in Frameworks */,
				04B350E2148BE4C300F94C3E /* AddressBookUI.framework in Frameworks */,
				041E3379148A2FED00C76265 /* UIKit.framework in Frameworks */,
				041E337B148A2FED00C76265 /* Foundation.framework in Frameworks */,
				041E337D148A2FED00C76265 /* CoreGraphics.framework in Frameworks */,
				041E337F148A2FED00C76265 /* CoreData.framework in Frameworks */,
			);
			runOnlyForDeploymentPostprocessing = 0;
		};
		041E339C148A2FEE00C76265 /* Frameworks */ = {
			isa = PBXFrameworksBuildPhase;
			buildActionMask = 2147483647;
			files = (
				041E33A2148A2FEE00C76265 /* SenTestingKit.framework in Frameworks */,
				041E33A3148A2FEE00C76265 /* UIKit.framework in Frameworks */,
				041E33A4148A2FEE00C76265 /* Foundation.framework in Frameworks */,
				041E33A5148A2FEE00C76265 /* CoreData.framework in Frameworks */,
			);
			runOnlyForDeploymentPostprocessing = 0;
		};
/* End PBXFrameworksBuildPhase section */

/* Begin PBXGroup section */
		04152EB2148A5D5000255FC2 /* Images */ = {
			isa = PBXGroup;
			children = (
				04152EB3148A5D6400255FC2 /* aqua.png */,
				04152EB4148A5D6400255FC2 /* orange.png */,
			);
			name = Images;
			sourceTree = "<group>";
		};
		04152EC0148B802D00255FC2 /* CoreData */ = {
			isa = PBXGroup;
			children = (
				041E338C148A2FEE00C76265 /* ChatClient.xcdatamodeld */,
				04152EBA148B7FFD00255FC2 /* ChatMessage.h */,
				04152EBB148B7FFD00255FC2 /* ChatMessage.m */,
				04152EBD148B7FFE00255FC2 /* ChatSession.h */,
				04152EBE148B7FFF00255FC2 /* ChatSession.m */,
			);
			name = CoreData;
			sourceTree = "<group>";
		};
		04152EC1148B804A00255FC2 /* ChatView */ = {
			isa = PBXGroup;
			children = (
				04152E8A148A3DAD00255FC2 /* ChatController.xib */,
				04152EA8148A482A00255FC2 /* ChatTableViewCell.h */,
				04152EA9148A482A00255FC2 /* ChatTableViewCell.m */,
				04152E88148A3DAD00255FC2 /* ChatController.h */,
				04152E89148A3DAD00255FC2 /* ChatController.m */,
			);
			name = ChatView;
			sourceTree = "<group>";
		};
		041E3369148A2FED00C76265 = {
			isa = PBXGroup;
			children = (
				041E3380148A2FEE00C76265 /* ChatClient */,
				041E33A8148A2FEE00C76265 /* ChatClientTests */,
				041E3377148A2FED00C76265 /* Frameworks */,
				041E3375148A2FED00C76265 /* Products */,
			);
			sourceTree = "<group>";
		};
		041E3375148A2FED00C76265 /* Products */ = {
			isa = PBXGroup;
			children = (
				041E3374148A2FED00C76265 /* ChatClient.app */,
				041E33A0148A2FEE00C76265 /* ChatClientTests.octest */,
			);
			name = Products;
			sourceTree = "<group>";
		};
		041E3377148A2FED00C76265 /* Frameworks */ = {
			isa = PBXGroup;
			children = (
				04B350DF148BE4C300F94C3E /* AddressBook.framework */,
				04B350E0148BE4C300F94C3E /* AddressBookUI.framework */,
				041E3378148A2FED00C76265 /* UIKit.framework */,
				041E337A148A2FED00C76265 /* Foundation.framework */,
				041E337C148A2FED00C76265 /* CoreGraphics.framework */,
				041E337E148A2FED00C76265 /* CoreData.framework */,
				041E33A1148A2FEE00C76265 /* SenTestingKit.framework */,
			);
			name = Frameworks;
			sourceTree = "<group>";
		};
		041E3380148A2FEE00C76265 /* ChatClient */ = {
			isa = PBXGroup;
			children = (
				04B350E3148BE6C300F94C3E /* ChatList */,
				04152EC1148B804A00255FC2 /* ChatView */,
				04152EC0148B802D00255FC2 /* CoreData */,
				04152EB2148A5D5000255FC2 /* Images */,
				04152E8D148A41AD00255FC2 /* AKeyboardAwareUIViewController.h */,
				04152E8E148A41AD00255FC2 /* AKeyboardAwareUIViewController.m */,
				041E3389148A2FEE00C76265 /* AppDelegate.h */,
				041E338A148A2FEE00C76265 /* AppDelegate.m */,
				04152EB7148A6F1A00255FC2 /* ChatServer.h */,
				04152EB8148A6F1A00255FC2 /* ChatServer.m */,
				041E3381148A2FEE00C76265 /* Supporting Files */,
				04152EC4148B887D00255FC2 /* ChatSessionCell.h */,
				04152EC5148B887D00255FC2 /* ChatSessionCell.m */,
			);
			path = ChatClient;
			sourceTree = "<group>";
		};
		041E3381148A2FEE00C76265 /* Supporting Files */ = {
			isa = PBXGroup;
			children = (
				041E3382148A2FEE00C76265 /* ChatClient-Info.plist */,
				041E3383148A2FEE00C76265 /* InfoPlist.strings */,
				041E3386148A2FEE00C76265 /* main.m */,
				041E3388148A2FEE00C76265 /* ChatClient-Prefix.pch */,
			);
			name = "Supporting Files";
			sourceTree = "<group>";
		};
		041E33A8148A2FEE00C76265 /* ChatClientTests */ = {
			isa = PBXGroup;
			children = (
				041E33AE148A2FEE00C76265 /* ChatClientTests.h */,
				041E33AF148A2FEE00C76265 /* ChatClientTests.m */,
				041E33A9148A2FEE00C76265 /* Supporting Files */,
			);
			path = ChatClientTests;
			sourceTree = "<group>";
		};
		041E33A9148A2FEE00C76265 /* Supporting Files */ = {
			isa = PBXGroup;
			children = (
				041E33AA148A2FEE00C76265 /* ChatClientTests-Info.plist */,
				041E33AB148A2FEE00C76265 /* InfoPlist.strings */,
			);
			name = "Supporting Files";
			sourceTree = "<group>";
		};
		04B350E3148BE6C300F94C3E /* ChatList */ = {
			isa = PBXGroup;
			children = (
				041E338F148A2FEE00C76265 /* ChatListController.h */,
				041E3390148A2FEE00C76265 /* ChatListController.m */,
				041E3395148A2FEE00C76265 /* ChatListController.xib */,
				04152EC2148B808C00255FC2 /* ChatSListTableViewCell.xib */,
			);
			name = ChatList;
			sourceTree = "<group>";
		};
/* End PBXGroup section */

/* Begin PBXNativeTarget section */
		041E3373148A2FED00C76265 /* ChatClient */ = {
			isa = PBXNativeTarget;
			buildConfigurationList = 041E33B3148A2FEE00C76265 /* Build configuration list for PBXNativeTarget "ChatClient" */;
			buildPhases = (
				041E3370148A2FED00C76265 /* Sources */,
				041E3371148A2FED00C76265 /* Frameworks */,
				041E3372148A2FED00C76265 /* Resources */,
			);
			buildRules = (
			);
			dependencies = (
			);
			name = ChatClient;
			productName = ChatClient;
			productReference = 041E3374148A2FED00C76265 /* ChatClient.app */;
			productType = "com.apple.product-type.application";
		};
		041E339F148A2FEE00C76265 /* ChatClientTests */ = {
			isa = PBXNativeTarget;
			buildConfigurationList = 041E33B6148A2FEE00C76265 /* Build configuration list for PBXNativeTarget "ChatClientTests" */;
			buildPhases = (
				041E339B148A2FEE00C76265 /* Sources */,
				041E339C148A2FEE00C76265 /* Frameworks */,
				041E339D148A2FEE00C76265 /* Resources */,
				041E339E148A2FEE00C76265 /* ShellScript */,
			);
			buildRules = (
			);
			dependencies = (
				041E33A7148A2FEE00C76265 /* PBXTargetDependency */,
			);
			name = ChatClientTests;
			productName = ChatClientTests;
			productReference = 041E33A0148A2FEE00C76265 /* ChatClientTests.octest */;
			productType = "com.apple.product-type.bundle";
		};
/* End PBXNativeTarget section */

/* Begin PBXProject section */
		041E336B148A2FED00C76265 /* Project object */ = {
			isa = PBXProject;
			attributes = {
				LastUpgradeCheck = 0420;
			};
			buildConfigurationList = 041E336E148A2FED00C76265 /* Build configuration list for PBXProject "ChatClient" */;
			compatibilityVersion = "Xcode 3.2";
			developmentRegion = English;
			hasScannedForEncodings = 0;
			knownRegions = (
				en,
			);
			mainGroup = 041E3369148A2FED00C76265;
			productRefGroup = 041E3375148A2FED00C76265 /* Products */;
			projectDirPath = "";
			projectRoot = "";
			targets = (
				041E3373148A2FED00C76265 /* ChatClient */,
				041E339F148A2FEE00C76265 /* ChatClientTests */,
			);
		};
/* End PBXProject section */

/* Begin PBXResourcesBuildPhase section */
		041E3372148A2FED00C76265 /* Resources */ = {
			isa = PBXResourcesBuildPhase;
			buildActionMask = 2147483647;
			files = (
				041E3385148A2FEE00C76265 /* InfoPlist.strings in Resources */,
				041E3397148A2FEE00C76265 /* ChatListController.xib in Resources */,
				04152E8C148A3DAD00255FC2 /* ChatController.xib in Resources */,
				04152EB5148A5D6400255FC2 /* aqua.png in Resources */,
				04152EB6148A5D6400255FC2 /* orange.png in Resources */,
				04152EC3148B808C00255FC2 /* ChatSListTableViewCell.xib in Resources */,
			);
			runOnlyForDeploymentPostprocessing = 0;
		};
		041E339D148A2FEE00C76265 /* Resources */ = {
			isa = PBXResourcesBuildPhase;
			buildActionMask = 2147483647;
			files = (
				041E33AD148A2FEE00C76265 /* InfoPlist.strings in Resources */,
			);
			runOnlyForDeploymentPostprocessing = 0;
		};
/* End PBXResourcesBuildPhase section */

/* Begin PBXShellScriptBuildPhase section */
		041E339E148A2FEE00C76265 /* ShellScript */ = {
			isa = PBXShellScriptBuildPhase;
			buildActionMask = 2147483647;
			files = (
			);
			inputPaths = (
			);
			outputPaths = (
			);
			runOnlyForDeploymentPostprocessing = 0;
			shellPath = /bin/sh;
			shellScript = "# Run the unit tests in this test bundle.\n\"${SYSTEM_DEVELOPER_DIR}/Tools/RunUnitTests\"\n";
		};
/* End PBXShellScriptBuildPhase section */

/* Begin PBXSourcesBuildPhase section */
		041E3370148A2FED00C76265 /* Sources */ = {
			isa = PBXSourcesBuildPhase;
			buildActionMask = 2147483647;
			files = (
				041E3387148A2FEE00C76265 /* main.m in Sources */,
				041E338B148A2FEE00C76265 /* AppDelegate.m in Sources */,
				041E338E148A2FEE00C76265 /* ChatClient.xcdatamodeld in Sources */,
				041E3391148A2FEE00C76265 /* ChatListController.m in Sources */,
				04152E8B148A3DAD00255FC2 /* ChatController.m in Sources */,
				04152E8F148A41AD00255FC2 /* AKeyboardAwareUIViewController.m in Sources */,
				04152EAA148A482A00255FC2 /* ChatTableViewCell.m in Sources */,
				04152EB9148A6F1A00255FC2 /* ChatServer.m in Sources */,
				04152EBC148B7FFD00255FC2 /* ChatMessage.m in Sources */,
				04152EBF148B7FFF00255FC2 /* ChatSession.m in Sources */,
				04152EC6148B887D00255FC2 /* ChatSessionCell.m in Sources */,
			);
			runOnlyForDeploymentPostprocessing = 0;
		};
		041E339B148A2FEE00C76265 /* Sources */ = {
			isa = PBXSourcesBuildPhase;
			buildActionMask = 2147483647;
			files = (
				041E33B0148A2FEE00C76265 /* ChatClientTests.m in Sources */,
			);
			runOnlyForDeploymentPostprocessing = 0;
		};
/* End PBXSourcesBuildPhase section */

/* Begin PBXTargetDependency section */
		041E33A7148A2FEE00C76265 /* PBXTargetDependency */ = {
			isa = PBXTargetDependency;
			target = 041E3373148A2FED00C76265 /* ChatClient */;
			targetProxy = 041E33A6148A2FEE00C76265 /* PBXContainerItemProxy */;
		};
/* End PBXTargetDependency section */

/* Begin PBXVariantGroup section */
		041E3383148A2FEE00C76265 /* InfoPlist.strings */ = {
			isa = PBXVariantGroup;
			children = (
				041E3384148A2FEE00C76265 /* en */,
			);
			name = InfoPlist.strings;
			sourceTree = "<group>";
		};
		041E3395148A2FEE00C76265 /* ChatListController.xib */ = {
			isa = PBXVariantGroup;
			children = (
				041E3396148A2FEE00C76265 /* en */,
			);
			name = ChatListController.xib;
			sourceTree = "<group>";
		};
		041E33AB148A2FEE00C76265 /* InfoPlist.strings */ = {
			isa = PBXVariantGroup;
			children = (
				041E33AC148A2FEE00C76265 /* en */,
			);
			name = InfoPlist.strings;
			sourceTree = "<group>";
		};
/* End PBXVariantGroup section */

/* Begin XCBuildConfiguration section */
		041E33B1148A2FEE00C76265 /* Debug */ = {
			isa = XCBuildConfiguration;
			buildSettings = {
				ALWAYS_SEARCH_USER_PATHS = NO;
				ARCHS = "$(ARCHS_STANDARD_32_BIT)";
				"CODE_SIGN_IDENTITY[sdk=iphoneos*]" = "iPhone Developer";
				COPY_PHASE_STRIP = NO;
				GCC_C_LANGUAGE_STANDARD = gnu99;
				GCC_DYNAMIC_NO_PIC = NO;
				GCC_OPTIMIZATION_LEVEL = 0;
				GCC_PREPROCESSOR_DEFINITIONS = (
					"DEBUG=1",
					"$(inherited)",
				);
				GCC_SYMBOLS_PRIVATE_EXTERN = NO;
				GCC_VERSION = com.apple.compilers.llvm.clang.1_0;
				GCC_WARN_ABOUT_MISSING_PROTOTYPES = YES;
				GCC_WARN_ABOUT_RETURN_TYPE = YES;
				GCC_WARN_UNUSED_VARIABLE = YES;
				IPHONEOS_DEPLOYMENT_TARGET = 5.0;
				SDKROOT = iphoneos;
			};
			name = Debug;
		};
		041E33B2148A2FEE00C76265 /* Release */ = {
			isa = XCBuildConfiguration;
			buildSettings = {
				ALWAYS_SEARCH_USER_PATHS = NO;
				ARCHS = "$(ARCHS_STANDARD_32_BIT)";
				"CODE_SIGN_IDENTITY[sdk=iphoneos*]" = "iPhone Developer";
				COPY_PHASE_STRIP = YES;
				GCC_C_LANGUAGE_STANDARD = gnu99;
				GCC_VERSION = com.apple.compilers.llvm.clang.1_0;
				GCC_WARN_ABOUT_MISSING_PROTOTYPES = YES;
				GCC_WARN_ABOUT_RETURN_TYPE = YES;
				GCC_WARN_UNUSED_VARIABLE = YES;
				IPHONEOS_DEPLOYMENT_TARGET = 5.0;
				OTHER_CFLAGS = "-DNS_BLOCK_ASSERTIONS=1";
				SDKROOT = iphoneos;
				VALIDATE_PRODUCT = YES;
			};
			name = Release;
		};
		041E33B4148A2FEE00C76265 /* Debug */ = {
			isa = XCBuildConfiguration;
			buildSettings = {
				GCC_PRECOMPILE_PREFIX_HEADER = YES;
				GCC_PREFIX_HEADER = "ChatClient/ChatClient-Prefix.pch";
				INFOPLIST_FILE = "ChatClient/ChatClient-Info.plist";
				PRODUCT_NAME = "$(TARGET_NAME)";
				WRAPPER_EXTENSION = app;
			};
			name = Debug;
		};
		041E33B5148A2FEE00C76265 /* Release */ = {
			isa = XCBuildConfiguration;
			buildSettings = {
				GCC_PRECOMPILE_PREFIX_HEADER = YES;
				GCC_PREFIX_HEADER = "ChatClient/ChatClient-Prefix.pch";
				INFOPLIST_FILE = "ChatClient/ChatClient-Info.plist";
				PRODUCT_NAME = "$(TARGET_NAME)";
				WRAPPER_EXTENSION = app;
			};
			name = Release;
		};
		041E33B7148A2FEE00C76265 /* Debug */ = {
			isa = XCBuildConfiguration;
			buildSettings = {
				BUNDLE_LOADER = "$(BUILT_PRODUCTS_DIR)/ChatClient.app/ChatClient";
				FRAMEWORK_SEARCH_PATHS = (
					"$(SDKROOT)/Developer/Library/Frameworks",
					"$(DEVELOPER_LIBRARY_DIR)/Frameworks",
				);
				GCC_PRECOMPILE_PREFIX_HEADER = YES;
				GCC_PREFIX_HEADER = "ChatClient/ChatClient-Prefix.pch";
				INFOPLIST_FILE = "ChatClientTests/ChatClientTests-Info.plist";
				PRODUCT_NAME = "$(TARGET_NAME)";
				TEST_HOST = "$(BUNDLE_LOADER)";
				WRAPPER_EXTENSION = octest;
			};
			name = Debug;
		};
		041E33B8148A2FEE00C76265 /* Release */ = {
			isa = XCBuildConfiguration;
			buildSettings = {
				BUNDLE_LOADER = "$(BUILT_PRODUCTS_DIR)/ChatClient.app/ChatClient";
				FRAMEWORK_SEARCH_PATHS = (
					"$(SDKROOT)/Developer/Library/Frameworks",
					"$(DEVELOPER_LIBRARY_DIR)/Frameworks",
				);
				GCC_PRECOMPILE_PREFIX_HEADER = YES;
				GCC_PREFIX_HEADER = "ChatClient/ChatClient-Prefix.pch";
				INFOPLIST_FILE = "ChatClientTests/ChatClientTests-Info.plist";
				PRODUCT_NAME = "$(TARGET_NAME)";
				TEST_HOST = "$(BUNDLE_LOADER)";
				WRAPPER_EXTENSION = octest;
			};
			name = Release;
		};
/* End XCBuildConfiguration section */

/* Begin XCConfigurationList section */
		041E336E148A2FED00C76265 /* Build configuration list for PBXProject "ChatClient" */ = {
			isa = XCConfigurationList;
			buildConfigurations = (
				041E33B1148A2FEE00C76265 /* Debug */,
				041E33B2148A2FEE00C76265 /* Release */,
			);
			defaultConfigurationIsVisible = 0;
			defaultConfigurationName = Release;
		};
		041E33B3148A2FEE00C76265 /* Build configuration list for PBXNativeTarget "ChatClient" */ = {
			isa = XCConfigurationList;
			buildConfigurations = (
				041E33B4148A2FEE00C76265 /* Debug */,
				041E33B5148A2FEE00C76265 /* Release */,
			);
			defaultConfigurationIsVisible = 0;
			defaultConfigurationName = Release;
		};
		041E33B6148A2FEE00C76265 /* Build configuration list for PBXNativeTarget "ChatClientTests" */ = {
			isa = XCConfigurationList;
			buildConfigurations = (
				041E33B7148A2FEE00C76265 /* Debug */,
				041E33B8148A2FEE00C76265 /* Release */,
			);
			defaultConfigurationIsVisible = 0;
			defaultConfigurationName = Release;
		};
/* End XCConfigurationList section */

/* Begin XCVersionGroup section */
		041E338C148A2FEE00C76265 /* ChatClient.xcdatamodeld */ = {
			isa = XCVersionGroup;
			children = (
				041E338D148A2FEE00C76265 /* ChatClient.xcdatamodel */,
			);
			currentVersion = 041E338D148A2FEE00C76265 /* ChatClient.xcdatamodel */;
			path = ChatClient.xcdatamodeld;
			sourceTree = "<group>";
			versionGroupType = wrapper.xcdatamodel;
		};
/* End XCVersionGroup section */
	};
	rootObject = 041E336B148A2FED00C76265 /* Project object */;
}
